
Microsoft Visual Studio Solution File, Format Version 12.00
# Visual Studio Version 17
VisualStudioVersion = 17.4.33103.184
MinimumVisualStudioVersion = 10.0.40219.1
Project("{9A19103F-16F7-4668-BE54-9A1E7A4F7556}") = "Projektarbeit_Auftragsverwaltung", "Projektarbeit_Auftragsverwaltung.csproj", "{2CE7D3FD-841E-4C2C-A2E3-9DCC21B0A3A0}"
EndProject
Project("{FAE04EC0-301F-11D3-BF4B-00C04F79EFBC}") = "DataLayerTests", "..\DataLayerTests\DataLayerTests.csproj", "{7F32D589-8578-4526-8298-8063C57028CF}"
EndProject
Global
	GlobalSection(SolutionConfigurationPlatforms) = preSolution
		Debug|Any CPU = Debug|Any CPU
		Release|Any CPU = Release|Any CPU
	EndGlobalSection
	GlobalSection(ProjectConfigurationPlatforms) = postSolution
		{2CE7D3FD-841E-4C2C-A2E3-9DCC21B0A3A0}.Debug|Any CPU.ActiveCfg = Debug|Any CPU
		{2CE7D3FD-841E-4C2C-A2E3-9DCC21B0A3A0}.Debug|Any CPU.Build.0 = Debug|Any CPU
		{2CE7D3FD-841E-4C2C-A2E3-9DCC21B0A3A0}.Release|Any CPU.ActiveCfg = Release|Any CPU
		{2CE7D3FD-841E-4C2C-A2E3-9DCC21B0A3A0}.Release|Any CPU.Build.0 = Release|Any CPU
		{7F32D589-8578-4526-8298-8063C57028CF}.Debug|Any CPU.ActiveCfg = Debug|Any CPU
		{7F32D589-8578-4526-8298-8063C57028CF}.Debug|Any CPU.Build.0 = Debug|Any CPU
		{7F32D589-8578-4526-8298-8063C57028CF}.Release|Any CPU.ActiveCfg = Release|Any CPU
		{7F32D589-8578-4526-8298-8063C57028CF}.Release|Any CPU.Build.0 = Release|Any CPU
	EndGlobalSection
	GlobalSection(SolutionProperties) = preSolution
		HideSolutionNode = FALSE
	EndGlobalSection
	GlobalSection(ExtensibilityGlobals) = postSolution
		SolutionGuid = {FBCCE063-0920-4CC1-95F6-6A2B254E1C5C}
	EndGlobalSection
EndGlobal
